
Microsoft Visual Studio Solution File, Format Version 12.00
# Visual Studio 2013
VisualStudioVersion = 12.0.30501.0
MinimumVisualStudioVersion = 10.0.40219.1
Project("{FAE04EC0-301F-11D3-BF4B-00C04F79EFBC}") = "EfModelComposer", "EfModelComposer\EfModelComposer.csproj", "{304AF868-9C1F-4B6F-BCC0-7FA1F75EE631}"
EndProject
Project("{2150E333-8FDC-42A3-9474-1A3956D46DE8}") = "git", "git", "{0FC04269-1138-4D34-9138-629277AABF92}"
	ProjectSection(SolutionItems) = preProject
		.gitattributes = .gitattributes
		.gitignore = .gitignore
	EndProjectSection
EndProject
Project("{2150E333-8FDC-42A3-9474-1A3956D46DE8}") = ".nuget", ".nuget", "{4FD81333-747E-429D-BD0C-9C38A32DAB90}"
	ProjectSection(SolutionItems) = preProject
		.nuget\NuGet.Config = .nuget\NuGet.Config
		.nuget\NuGet.exe = .nuget\NuGet.exe
		.nuget\NuGet.targets = .nuget\NuGet.targets
	EndProjectSection
EndProject
Project("{2150E333-8FDC-42A3-9474-1A3956D46DE8}") = "Solution Items", "Solution Items", "{35E3F7C5-EB60-4ABB-98DC-6CC1B47FC27F}"
	ProjectSection(SolutionItems) = preProject
		EfModelComposer\EfModelComposer.nuspec = EfModelComposer\EfModelComposer.nuspec
		LICENSE = LICENSE
		readme.md = readme.md
	EndProjectSection
EndProject
Global
	GlobalSection(SolutionConfigurationPlatforms) = preSolution
		Debug|Any CPU = Debug|Any CPU
		Release|Any CPU = Release|Any CPU
	EndGlobalSection
	GlobalSection(ProjectConfigurationPlatforms) = postSolution
		{304AF868-9C1F-4B6F-BCC0-7FA1F75EE631}.Debug|Any CPU.ActiveCfg = Debug|Any CPU
		{304AF868-9C1F-4B6F-BCC0-7FA1F75EE631}.Debug|Any CPU.Build.0 = Debug|Any CPU
		{304AF868-9C1F-4B6F-BCC0-7FA1F75EE631}.Release|Any CPU.ActiveCfg = Release|Any CPU
		{304AF868-9C1F-4B6F-BCC0-7FA1F75EE631}.Release|Any CPU.Build.0 = Release|Any CPU
	EndGlobalSection
	GlobalSection(SolutionProperties) = preSolution
		HideSolutionNode = FALSE
	EndGlobalSection
EndGlobal
